
Microsoft Visual Studio Solution File, Format Version 12.00
# Visual Studio Version 16
VisualStudioVersion = 16.0.29411.138
MinimumVisualStudioVersion = 10.0.40219.1
Project("{FAE04EC0-301F-11D3-BF4B-00C04F79EFBC}") = "PDF-Unlock", "PDF-Unlock.csproj", "{32CE728A-2574-445F-AE10-1721A4FA8096}"
EndProject
Global
	GlobalSection(SolutionConfigurationPlatforms) = preSolution
		Debug|Any CPU = Debug|Any CPU
		Release|Any CPU = Release|Any CPU
	EndGlobalSection
	GlobalSection(ProjectConfigurationPlatforms) = postSolution
		{32CE728A-2574-445F-AE10-1721A4FA8096}.Debug|Any CPU.ActiveCfg = Debug|Any CPU
		{32CE728A-2574-445F-AE10-1721A4FA8096}.Debug|Any CPU.Build.0 = Debug|Any CPU
		{32CE728A-2574-445F-AE10-1721A4FA8096}.Release|Any CPU.ActiveCfg = Release|Any CPU
		{32CE728A-2574-445F-AE10-1721A4FA8096}.Release|Any CPU.Build.0 = Release|Any CPU
	EndGlobalSection
	GlobalSection(SolutionProperties) = preSolution
		HideSolutionNode = FALSE
	EndGlobalSection
	GlobalSection(ExtensibilityGlobals) = postSolution
		SolutionGuid = {3E4A4EE1-76FC-4575-9FA7-204439460475}
	EndGlobalSection
EndGlobal
